# THIS IS AN AUTOGENERATED FILE. DO NOT EDIT THIS FILE DIRECTLY.
# yarn lockfile v1


"@antfu/install-pkg@^1.1.0":
  version "1.1.0"
  resolved "https://registry.yarnpkg.com/@antfu/install-pkg/-/install-pkg-1.1.0.tgz#78fa036be1a6081b5a77a5cf59f50c7752b6ba26"
  integrity sha512-MGQsmw10ZyI+EJo45CdSER4zEb+p31LpDAFp2Z3gkSd1yqVZGi0Ebx++YTEMonJy4oChEMLsxZ64j8FH6sSqtQ==
  dependencies:
    package-manager-detector "^1.3.0"
    tinyexec "^1.0.1"

"@babel/code-frame@^7.27.1", "@babel/code-frame@^7.28.6":
  version "7.28.6"
  resolved "https://registry.yarnpkg.com/@babel/code-frame/-/code-frame-7.28.6.tgz#72499312ec58b1e2245ba4a4f550c132be4982f7"
  integrity sha512-JYgintcMjRiCvS8mMECzaEn+m3PfoQiyqukOMCCVQtoJGYJw8j/8LBJEiqkHLkfwCcs74E3pbAUFNg7d9VNJ+Q==
  dependencies:
    "@babel/helper-validator-identifier" "^7.28.5"
    js-tokens "^4.0.0"
    picocolors "^1.1.1"

"@babel/generator@^7.27.5":
  version "7.28.6"
  resolved "https://registry.yarnpkg.com/@babel/generator/-/generator-7.28.6.tgz#48dcc65d98fcc8626a48f72b62e263d25fc3c3f1"
  integrity sha512-lOoVRwADj8hjf7al89tvQ2a1lf53Z+7tiXMgpZJL3maQPDxh0DgLMN62B2MKUOFcoodBHLMbDM6WAbKgNy5Suw==
  dependencies:
    "@babel/parser" "^7.28.6"
    "@babel/types" "^7.28.6"
    "@jridgewell/gen-mapping" "^0.3.12"
    "@jridgewell/trace-mapping" "^0.3.28"
    jsesc "^3.0.2"

"@babel/helper-string-parser@^7.27.1":
  version "7.27.1"
  resolved "https://registry.yarnpkg.com/@babel/helper-string-parser/-/helper-string-parser-7.27.1.tgz#54da796097ab19ce67ed9f88b47bb2ec49367687"
  integrity sha512-qMlSxKbpRlAridDExk92nSobyDdpPijUq2DW6oDnUqd0iOGxmQjyqhMIihI9+zv4LPyZdRje2cavWPbCbWm3eA==

"@babel/helper-validator-identifier@^7.28.5":
  version "7.28.5"
  resolved "https://registry.yarnpkg.com/@babel/helper-validator-identifier/-/helper-validator-identifier-7.28.5.tgz#010b6938fab7cb7df74aa2bbc06aa503b8fe5fb4"
  integrity sha512-qSs4ifwzKJSV39ucNjsvc6WVHs6b7S03sOh2OcHF9UHfVPqWWALUsNUVzhSBiItjRZoLHx7nIarVjqKVusUZ1Q==

"@babel/parser@7.27.7":
  version "7.27.7"
  resolved "https://registry.yarnpkg.com/@babel/parser/-/parser-7.27.7.tgz#1687f5294b45039c159730e3b9c1f1b242e425e9"
  integrity sha512-qnzXzDXdr/po3bOTbTIQZ7+TxNKxpkN5IifVLXS+r7qwynkZfPyjZfE7hCXbo7IoO9TNcSyibgONsf2HauUd3Q==
  dependencies:
    "@babel/types" "^7.27.7"

"@babel/parser@^7.27.7", "@babel/parser@^7.28.6":
  version "7.28.6"
  resolved "https://registry.yarnpkg.com/@babel/parser/-/parser-7.28.6.tgz#f01a8885b7fa1e56dd8a155130226cd698ef13fd"
  integrity sha512-TeR9zWR18BvbfPmGbLampPMW+uW1NZnJlRuuHso8i87QZNq2JRF9i6RgxRqtEq+wQGsS19NNTWr2duhnE49mfQ==
  dependencies:
    "@babel/types" "^7.28.6"

"@babel/template@^7.27.2":
  version "7.28.6"
  resolved "https://registry.yarnpkg.com/@babel/template/-/template-7.28.6.tgz#0e7e56ecedb78aeef66ce7972b082fce76a23e57"
  integrity sha512-YA6Ma2KsCdGb+WC6UpBVFJGXL58MDA6oyONbjyF/+5sBgxY/dwkhLogbMT2GXXyU84/IhRw/2D1Os1B/giz+BQ==
  dependencies:
    "@babel/code-frame" "^7.28.6"
    "@babel/parser" "^7.28.6"
    "@babel/types" "^7.28.6"

"@babel/traverse@7.27.7":
  version "7.27.7"
  resolved "https://registry.yarnpkg.com/@babel/traverse/-/traverse-7.27.7.tgz#8355c39be6818362eace058cf7f3e25ac2ec3b55"
  integrity sha512-X6ZlfR/O/s5EQ/SnUSLzr+6kGnkg8HXGMzpgsMsrJVcfDtH1vIp6ctCN4eZ1LS5c0+te5Cb6Y514fASjMRJ1nw==
  dependencies:
    "@babel/code-frame" "^7.27.1"
    "@babel/generator" "^7.27.5"
    "@babel/parser" "^7.27.7"
    "@babel/template" "^7.27.2"
    "@babel/types" "^7.27.7"
    debug "^4.3.1"
    globals "^11.1.0"

"@babel/types@^7.27.7", "@babel/types@^7.28.6":
  version "7.28.6"
  resolved "https://registry.yarnpkg.com/@babel/types/-/types-7.28.6.tgz#c3e9377f1b155005bcc4c46020e7e394e13089df"
  integrity sha512-0ZrskXVEHSWIqZM/sQZ4EV3jZJXRkio/WCxaqKZP1g//CEWEPSfeZFcms4XeKBCHU0ZKnIkdJeU/kF+eRp5lBg==
  dependencies:
    "@babel/helper-string-parser" "^7.27.1"
    "@babel/helper-validator-identifier" "^7.28.5"

"@esbuild/aix-ppc64@0.27.2":
  version "0.27.2"
  resolved "https://registry.yarnpkg.com/@esbuild/aix-ppc64/-/aix-ppc64-0.27.2.tgz#521cbd968dcf362094034947f76fa1b18d2d403c"
  integrity sha512-GZMB+a0mOMZs4MpDbj8RJp4cw+w1WV5NYD6xzgvzUJ5Ek2jerwfO2eADyI6ExDSUED+1X8aMbegahsJi+8mgpw==

"@esbuild/android-arm64@0.27.2":
  version "0.27.2"
  resolved "https://registry.yarnpkg.com/@esbuild/android-arm64/-/android-arm64-0.27.2.tgz#61ea550962d8aa12a9b33194394e007657a6df57"
  integrity sha512-pvz8ZZ7ot/RBphf8fv60ljmaoydPU12VuXHImtAs0XhLLw+EXBi2BLe3OYSBslR4rryHvweW5gmkKFwTiFy6KA==

"@esbuild/android-arm@0.27.2":
  version "0.27.2"
  resolved "https://registry.yarnpkg.com/@esbuild/android-arm/-/android-arm-0.27.2.tgz#554887821e009dd6d853f972fde6c5143f1de142"
  integrity sha512-DVNI8jlPa7Ujbr1yjU2PfUSRtAUZPG9I1RwW4F4xFB1Imiu2on0ADiI/c3td+KmDtVKNbi+nffGDQMfcIMkwIA==

"@esbuild/android-x64@0.27.2":
  version "0.27.2"
  resolved "https://registry.yarnpkg.com/@esbuild/android-x64/-/android-x64-0.27.2.tgz#a7ce9d0721825fc578f9292a76d9e53334480ba2"
  integrity sha512-z8Ank4Byh4TJJOh4wpz8g2vDy75zFL0TlZlkUkEwYXuPSgX8yzep596n6mT7905kA9uHZsf/o2OJZubl2l3M7A==

"@esbuild/darwin-arm64@0.27.2":
  version "0.27.2"
  resolved "https://registry.yarnpkg.com/@esbuild/darwin-arm64/-/darwin-arm64-0.27.2.tgz#2cb7659bd5d109803c593cfc414450d5430c8256"
  integrity sha512-davCD2Zc80nzDVRwXTcQP/28fiJbcOwvdolL0sOiOsbwBa72kegmVU0Wrh1MYrbuCL98Omp5dVhQFWRKR2ZAlg==

"@esbuild/darwin-x64@0.27.2":
  version "0.27.2"
  resolved "https://registry.yarnpkg.com/@esbuild/darwin-x64/-/darwin-x64-0.27.2.tgz#e741fa6b1abb0cd0364126ba34ca17fd5e7bf509"
  integrity sha512-ZxtijOmlQCBWGwbVmwOF/UCzuGIbUkqB1faQRf5akQmxRJ1ujusWsb3CVfk/9iZKr2L5SMU5wPBi1UWbvL+VQA==

"@esbuild/freebsd-arm64@0.27.2":
  version "0.27.2"
  resolved "https://registry.yarnpkg.com/@esbuild/freebsd-arm64/-/freebsd-arm64-0.27.2.tgz#2b64e7116865ca172d4ce034114c21f3c93e397c"
  integrity sha512-lS/9CN+rgqQ9czogxlMcBMGd+l8Q3Nj1MFQwBZJyoEKI50XGxwuzznYdwcav6lpOGv5BqaZXqvBSiB/kJ5op+g==

"@esbuild/freebsd-x64@0.27.2":
  version "0.27.2"
  resolved "https://registry.yarnpkg.com/@esbuild/freebsd-x64/-/freebsd-x64-0.27.2.tgz#e5252551e66f499e4934efb611812f3820e990bb"
  integrity sha512-tAfqtNYb4YgPnJlEFu4c212HYjQWSO/w/h/lQaBK7RbwGIkBOuNKQI9tqWzx7Wtp7bTPaGC6MJvWI608P3wXYA==

"@esbuild/linux-arm64@0.27.2":
  version "0.27.2"
  resolved "https://registry.yarnpkg.com/@esbuild/linux-arm64/-/linux-arm64-0.27.2.tgz#dc4acf235531cd6984f5d6c3b13dbfb7ddb303cb"
  integrity sha512-hYxN8pr66NsCCiRFkHUAsxylNOcAQaxSSkHMMjcpx0si13t1LHFphxJZUiGwojB1a/Hd5OiPIqDdXONia6bhTw==

"@esbuild/linux-arm@0.27.2":
  version "0.27.2"
  resolved "https://registry.yarnpkg.com/@esbuild/linux-arm/-/linux-arm-0.27.2.tgz#56a900e39240d7d5d1d273bc053daa295c92e322"
  integrity sha512-vWfq4GaIMP9AIe4yj1ZUW18RDhx6EPQKjwe7n8BbIecFtCQG4CfHGaHuh7fdfq+y3LIA2vGS/o9ZBGVxIDi9hw==

"@esbuild/linux-ia32@0.27.2":
  version "0.27.2"
  resolved "https://registry.yarnpkg.com/@esbuild/linux-ia32/-/linux-ia32-0.27.2.tgz#d4a36d473360f6870efcd19d52bbfff59a2ed1cc"
  integrity sha512-MJt5BRRSScPDwG2hLelYhAAKh9imjHK5+NE/tvnRLbIqUWa+0E9N4WNMjmp/kXXPHZGqPLxggwVhz7QP8CTR8w==

"@esbuild/linux-loong64@0.27.2":
  version "0.27.2"
  resolved "https://registry.yarnpkg.com/@esbuild/linux-loong64/-/linux-loong64-0.27.2.tgz#fcf0ab8c3eaaf45891d0195d4961cb18b579716a"
  integrity sha512-lugyF1atnAT463aO6KPshVCJK5NgRnU4yb3FUumyVz+cGvZbontBgzeGFO1nF+dPueHD367a2ZXe1NtUkAjOtg==

"@esbuild/linux-mips64el@0.27.2":
  version "0.27.2"
  resolved "https://registry.yarnpkg.com/@esbuild/linux-mips64el/-/linux-mips64el-0.27.2.tgz#598b67d34048bb7ee1901cb12e2a0a434c381c10"
  integrity sha512-nlP2I6ArEBewvJ2gjrrkESEZkB5mIoaTswuqNFRv/WYd+ATtUpe9Y09RnJvgvdag7he0OWgEZWhviS1OTOKixw==

"@esbuild/linux-ppc64@0.27.2":
  version "0.27.2"
  resolved "https://registry.yarnpkg.com/@esbuild/linux-ppc64/-/linux-ppc64-0.27.2.tgz#3846c5df6b2016dab9bc95dde26c40f11e43b4c0"
  integrity sha512-C92gnpey7tUQONqg1n6dKVbx3vphKtTHJaNG2Ok9lGwbZil6DrfyecMsp9CrmXGQJmZ7iiVXvvZH6Ml5hL6XdQ==

"@esbuild/linux-riscv64@0.27.2":
  version "0.27.2"
  resolved "https://registry.yarnpkg.com/@esbuild/linux-riscv64/-/linux-riscv64-0.27.2.tgz#173d4475b37c8d2c3e1707e068c174bb3f53d07d"
  integrity sha512-B5BOmojNtUyN8AXlK0QJyvjEZkWwy/FKvakkTDCziX95AowLZKR6aCDhG7LeF7uMCXEJqwa8Bejz5LTPYm8AvA==

"@esbuild/linux-s390x@0.27.2":
  version "0.27.2"
  resolved "https://registry.yarnpkg.com/@esbuild/linux-s390x/-/linux-s390x-0.27.2.tgz#f7a4790105edcab8a5a31df26fbfac1aa3dacfab"
  integrity sha512-p4bm9+wsPwup5Z8f4EpfN63qNagQ47Ua2znaqGH6bqLlmJ4bx97Y9JdqxgGZ6Y8xVTixUnEkoKSHcpRlDnNr5w==

"@esbuild/linux-x64@0.27.2":
  version "0.27.2"
  resolved "https://registry.yarnpkg.com/@esbuild/linux-x64/-/linux-x64-0.27.2.tgz#2ecc1284b1904aeb41e54c9ddc7fcd349b18f650"
  integrity sha512-uwp2Tip5aPmH+NRUwTcfLb+W32WXjpFejTIOWZFw/v7/KnpCDKG66u4DLcurQpiYTiYwQ9B7KOeMJvLCu/OvbA==

"@esbuild/netbsd-arm64@0.27.2":
  version "0.27.2"
  resolved "https://registry.yarnpkg.com/@esbuild/netbsd-arm64/-/netbsd-arm64-0.27.2.tgz#e2863c2cd1501845995cb11adf26f7fe4be527b0"
  integrity sha512-Kj6DiBlwXrPsCRDeRvGAUb/LNrBASrfqAIok+xB0LxK8CHqxZ037viF13ugfsIpePH93mX7xfJp97cyDuTZ3cw==

"@esbuild/netbsd-x64@0.27.2":
  version "0.27.2"
  resolved "https://registry.yarnpkg.com/@esbuild/netbsd-x64/-/netbsd-x64-0.27.2.tgz#93f7609e2885d1c0b5a1417885fba8d1fcc41272"
  integrity sha512-HwGDZ0VLVBY3Y+Nw0JexZy9o/nUAWq9MlV7cahpaXKW6TOzfVno3y3/M8Ga8u8Yr7GldLOov27xiCnqRZf0tCA==

"@esbuild/openbsd-arm64@0.27.2":
  version "0.27.2"
  resolved "https://registry.yarnpkg.com/@esbuild/openbsd-arm64/-/openbsd-arm64-0.27.2.tgz#a1985604a203cdc325fd47542e106fafd698f02e"
  integrity sha512-DNIHH2BPQ5551A7oSHD0CKbwIA/Ox7+78/AWkbS5QoRzaqlev2uFayfSxq68EkonB+IKjiuxBFoV8ESJy8bOHA==

"@esbuild/openbsd-x64@0.27.2":
  version "0.27.2"
  resolved "https://registry.yarnpkg.com/@esbuild/openbsd-x64/-/openbsd-x64-0.27.2.tgz#8209e46c42f1ffbe6e4ef77a32e1f47d404ad42a"
  integrity sha512-/it7w9Nb7+0KFIzjalNJVR5bOzA9Vay+yIPLVHfIQYG/j+j9VTH84aNB8ExGKPU4AzfaEvN9/V4HV+F+vo8OEg==

"@esbuild/openharmony-arm64@0.27.2":
  version "0.27.2"
  resolved "https://registry.yarnpkg.com/@esbuild/openharmony-arm64/-/openharmony-arm64-0.27.2.tgz#8fade4441893d9cc44cbd7dcf3776f508ab6fb2f"
  integrity sha512-LRBbCmiU51IXfeXk59csuX/aSaToeG7w48nMwA6049Y4J4+VbWALAuXcs+qcD04rHDuSCSRKdmY63sruDS5qag==

"@esbuild/sunos-x64@0.27.2":
  version "0.27.2"
  resolved "https://registry.yarnpkg.com/@esbuild/sunos-x64/-/sunos-x64-0.27.2.tgz#980d4b9703a16f0f07016632424fc6d9a789dfc2"
  integrity sha512-kMtx1yqJHTmqaqHPAzKCAkDaKsffmXkPHThSfRwZGyuqyIeBvf08KSsYXl+abf5HDAPMJIPnbBfXvP2ZC2TfHg==

"@esbuild/win32-arm64@0.27.2":
  version "0.27.2"
  resolved "https://registry.yarnpkg.com/@esbuild/win32-arm64/-/win32-arm64-0.27.2.tgz#1c09a3633c949ead3d808ba37276883e71f6111a"
  integrity sha512-Yaf78O/B3Kkh+nKABUF++bvJv5Ijoy9AN1ww904rOXZFLWVc5OLOfL56W+C8F9xn5JQZa3UX6m+IktJnIb1Jjg==

"@esbuild/win32-ia32@0.27.2":
  version "0.27.2"
  resolved "https://registry.yarnpkg.com/@esbuild/win32-ia32/-/win32-ia32-0.27.2.tgz#1b1e3a63ad4bef82200fef4e369e0fff7009eee5"
  integrity sha512-Iuws0kxo4yusk7sw70Xa2E2imZU5HoixzxfGCdxwBdhiDgt9vX9VUCBhqcwY7/uh//78A1hMkkROMJq9l27oLQ==

"@esbuild/win32-x64@0.27.2":
  version "0.27.2"
  resolved "https://registry.yarnpkg.com/@esbuild/win32-x64/-/win32-x64-0.27.2.tgz#9e585ab6086bef994c6e8a5b3a0481219ada862b"
  integrity sha512-sRdU18mcKf7F+YgheI/zGf5alZatMUTKj/jNS6l744f9u3WFu4v7twcUI9vu4mknF4Y9aDlblIie0IM+5xxaqQ==

"@iconify/types@^2.0.0":
  version "2.0.0"
  resolved "https://registry.yarnpkg.com/@iconify/types/-/types-2.0.0.tgz#ab0e9ea681d6c8a1214f30cd741fe3a20cc57f57"
  integrity sha512-+wluvCrRhXrhyOmRDJ3q8mux9JkKy5SJ/v8ol2tu4FVjyYvtEzkc/3pK15ET6RKg4b4w4BmTk1+gsCUhf21Ykg==

"@iconify/utils@^3.1.0":
  version "3.1.0"
  resolved "https://registry.yarnpkg.com/@iconify/utils/-/utils-3.1.0.tgz#fb41882915f97fee6f91a2fbb8263e8772ca0438"
  integrity sha512-Zlzem1ZXhI1iHeeERabLNzBHdOa4VhQbqAcOQaMKuTuyZCpwKbC2R4Dd0Zo3g9EAc+Y4fiarO8HIHRAth7+skw==
  dependencies:
    "@antfu/install-pkg" "^1.1.0"
    "@iconify/types" "^2.0.0"
    mlly "^1.8.0"

"@jridgewell/gen-mapping@^0.3.12", "@jridgewell/gen-mapping@^0.3.5":
  version "0.3.13"
  resolved "https://registry.yarnpkg.com/@jridgewell/gen-mapping/-/gen-mapping-0.3.13.tgz#6342a19f44347518c93e43b1ac69deb3c4656a1f"
  integrity sha512-2kkt/7niJ6MgEPxF0bYdQ6etZaA+fQvDcLKckhy1yIQOzaoKjBBjSj63/aLVjYE3qhRt5dvM+uUyfCg6UKCBbA==
  dependencies:
    "@jridgewell/sourcemap-codec" "^1.5.0"
    "@jridgewell/trace-mapping" "^0.3.24"

"@jridgewell/remapping@^2.3.5":
  version "2.3.5"
  resolved "https://registry.yarnpkg.com/@jridgewell/remapping/-/remapping-2.3.5.tgz#375c476d1972947851ba1e15ae8f123047445aa1"
  integrity sha512-LI9u/+laYG4Ds1TDKSJW2YPrIlcVYOwi2fUC6xB43lueCjgxV4lffOCZCtYFiH6TNOX+tQKXx97T4IKHbhyHEQ==
  dependencies:
    "@jridgewell/gen-mapping" "^0.3.5"
    "@jridgewell/trace-mapping" "^0.3.24"

"@jridgewell/resolve-uri@^3.1.0":
  version "3.1.2"
  resolved "https://registry.yarnpkg.com/@jridgewell/resolve-uri/-/resolve-uri-3.1.2.tgz#7a0ee601f60f99a20c7c7c5ff0c80388c1189bd6"
  integrity sha512-bRISgCIjP20/tbWSPWMEi54QVPRZExkuD9lJL+UIxUKtwVJA8wW1Trb1jMs1RFXo1CBTNZ/5hpC9QvmKWdopKw==

"@jridgewell/sourcemap-codec@^1.4.14", "@jridgewell/sourcemap-codec@^1.5.0", "@jridgewell/sourcemap-codec@^1.5.5":
  version "1.5.5"
  resolved "https://registry.yarnpkg.com/@jridgewell/sourcemap-codec/-/sourcemap-codec-1.5.5.tgz#6912b00d2c631c0d15ce1a7ab57cd657f2a8f8ba"
  integrity sha512-cYQ9310grqxueWbl+WuIUIaiUaDcj7WOq5fVhEljNVgRfOUhY9fy2zTvfoqWsnebh8Sl70VScFbICvJnLKB0Og==

"@jridgewell/trace-mapping@^0.3.24", "@jridgewell/trace-mapping@^0.3.28":
  version "0.3.31"
  resolved "https://registry.yarnpkg.com/@jridgewell/trace-mapping/-/trace-mapping-0.3.31.tgz#db15d6781c931f3a251a3dac39501c98a6082fd0"
  integrity sha512-zzNR+SdQSDJzc8joaeP8QQoCQr8NuYx2dIIytl1QeBEZHJ9uW6hebsrYgbz8hJwUQao3TWCMtmfV8Nu1twOLAw==
  dependencies:
    "@jridgewell/resolve-uri" "^3.1.0"
    "@jridgewell/sourcemap-codec" "^1.4.14"

"@polka/url@^1.0.0-next.24":
  version "1.0.0-next.29"
  resolved "https://registry.yarnpkg.com/@polka/url/-/url-1.0.0-next.29.tgz#5a40109a1ab5f84d6fd8fc928b19f367cbe7e7b1"
  integrity sha512-wwQAWhWSuHaag8c4q/KN/vCoeOJYshAIvMQwD4GpSb3OiZklFfvAgmj0VCBBImRpuF/aFgIRzllXlVX93Jevww==

"@quansync/fs@^1.0.0":
  version "1.0.0"
  resolved "https://registry.yarnpkg.com/@quansync/fs/-/fs-1.0.0.tgz#17131b1f1c261fcfb63893272c488df89c73f48f"
  integrity sha512-4TJ3DFtlf1L5LDMaM6CanJ/0lckGNtJcMjQ1NAV6zDmA0tEHKZtxNKin8EgPaVX1YzljbxckyT2tJrpQKAtngQ==
  dependencies:
    quansync "^1.0.0"

"@rollup/rollup-android-arm-eabi@4.55.1":
  version "4.55.1"
  resolved "https://registry.yarnpkg.com/@rollup/rollup-android-arm-eabi/-/rollup-android-arm-eabi-4.55.1.tgz#76e0fef6533b3ce313f969879e61e8f21f0eeb28"
  integrity sha512-9R0DM/ykwfGIlNu6+2U09ga0WXeZ9MRC2Ter8jnz8415VbuIykVuc6bhdrbORFZANDmTDvq26mJrEVTl8TdnDg==

"@rollup/rollup-android-arm64@4.55.1":
  version "4.55.1"
  resolved "https://registry.yarnpkg.com/@rollup/rollup-android-arm64/-/rollup-android-arm64-4.55.1.tgz#d3cfc675a40bbdec97bda6d7fe3b3b05f0e1cd93"
  integrity sha512-eFZCb1YUqhTysgW3sj/55du5cG57S7UTNtdMjCW7LwVcj3dTTcowCsC8p7uBdzKsZYa8J7IDE8lhMI+HX1vQvg==

"@rollup/rollup-darwin-arm64@4.55.1":
  version "4.55.1"
  resolved "https://registry.yarnpkg.com/@rollup/rollup-darwin-arm64/-/rollup-darwin-arm64-4.55.1.tgz#eb912b8f59dd47c77b3c50a78489013b1d6772b4"
  integrity sha512-p3grE2PHcQm2e8PSGZdzIhCKbMCw/xi9XvMPErPhwO17vxtvCN5FEA2mSLgmKlCjHGMQTP6phuQTYWUnKewwGg==

"@rollup/rollup-darwin-x64@4.55.1":
  version "4.55.1"
  resolved "https://registry.yarnpkg.com/@rollup/rollup-darwin-x64/-/rollup-darwin-x64-4.55.1.tgz#e7d0839fdfd1276a1d34bc5ebbbd0dfd7d0b81a0"
  integrity sha512-rDUjG25C9qoTm+e02Esi+aqTKSBYwVTaoS1wxcN47/Luqef57Vgp96xNANwt5npq9GDxsH7kXxNkJVEsWEOEaQ==

"@rollup/rollup-freebsd-arm64@4.55.1":
  version "4.55.1"
  resolved "https://registry.yarnpkg.com/@rollup/rollup-freebsd-arm64/-/rollup-freebsd-arm64-4.55.1.tgz#7ff8118760f7351e48fd0cd3717ff80543d6aac8"
  integrity sha512-+JiU7Jbp5cdxekIgdte0jfcu5oqw4GCKr6i3PJTlXTCU5H5Fvtkpbs4XJHRmWNXF+hKmn4v7ogI5OQPaupJgOg==

"@rollup/rollup-freebsd-x64@4.55.1":
  version "4.55.1"
  resolved "https://registry.yarnpkg.com/@rollup/rollup-freebsd-x64/-/rollup-freebsd-x64-4.55.1.tgz#49d330dadbda1d4e9b86b4a3951b59928a9489a9"
  integrity sha512-V5xC1tOVWtLLmr3YUk2f6EJK4qksksOYiz/TCsFHu/R+woubcLWdC9nZQmwjOAbmExBIVKsm1/wKmEy4z4u4Bw==

"@rollup/rollup-linux-arm-gnueabihf@4.55.1":
  version "4.55.1"
  resolved "https://registry.yarnpkg.com/@rollup/rollup-linux-arm-gnueabihf/-/rollup-linux-arm-gnueabihf-4.55.1.tgz#98c5f1f8b9776b4a36e466e2a1c9ed1ba52ef1b6"
  integrity sha512-Rn3n+FUk2J5VWx+ywrG/HGPTD9jXNbicRtTM11e/uorplArnXZYsVifnPPqNNP5BsO3roI4n8332ukpY/zN7rQ==

"@rollup/rollup-linux-arm-musleabihf@4.55.1":
  version "4.55.1"
  resolved "https://registry.yarnpkg.com/@rollup/rollup-linux-arm-musleabihf/-/rollup-linux-arm-musleabihf-4.55.1.tgz#b9acecd3672e742f70b0c8a94075c816a91ff040"
  integrity sha512-grPNWydeKtc1aEdrJDWk4opD7nFtQbMmV7769hiAaYyUKCT1faPRm2av8CX1YJsZ4TLAZcg9gTR1KvEzoLjXkg==

"@rollup/rollup-linux-arm64-gnu@4.55.1":
  version "4.55.1"
  resolved "https://registry.yarnpkg.com/@rollup/rollup-linux-arm64-gnu/-/rollup-linux-arm64-gnu-4.55.1.tgz#7a6ab06651bc29e18b09a50ed1a02bc972977c9b"
  integrity sha512-a59mwd1k6x8tXKcUxSyISiquLwB5pX+fJW9TkWU46lCqD/GRDe9uDN31jrMmVP3feI3mhAdvcCClhV8V5MhJFQ==

"@rollup/rollup-linux-arm64-musl@4.55.1":
  version "4.55.1"
  resolved "https://registry.yarnpkg.com/@rollup/rollup-linux-arm64-musl/-/rollup-linux-arm64-musl-4.55.1.tgz#3c8c9072ba4a4d4ef1156b85ab9a2cbb57c1fad0"
  integrity sha512-puS1MEgWX5GsHSoiAsF0TYrpomdvkaXm0CofIMG5uVkP6IBV+ZO9xhC5YEN49nsgYo1DuuMquF9+7EDBVYu4uA==

"@rollup/rollup-linux-loong64-gnu@4.55.1":
  version "4.55.1"
  resolved "https://registry.yarnpkg.com/@rollup/rollup-linux-loong64-gnu/-/rollup-linux-loong64-gnu-4.55.1.tgz#17a7af13530f4e4a7b12cd26276c54307a84a8b0"
  integrity sha512-r3Wv40in+lTsULSb6nnoudVbARdOwb2u5fpeoOAZjFLznp6tDU8kd+GTHmJoqZ9lt6/Sys33KdIHUaQihFcu7g==

"@rollup/rollup-linux-loong64-musl@4.55.1":
  version "4.55.1"
  resolved "https://registry.yarnpkg.com/@rollup/rollup-linux-loong64-musl/-/rollup-linux-loong64-musl-4.55.1.tgz#5cd7a900fd7b077ecd753e34a9b7ff1157fe70c1"
  integrity sha512-MR8c0+UxAlB22Fq4R+aQSPBayvYa3+9DrwG/i1TKQXFYEaoW3B5b/rkSRIypcZDdWjWnpcvxbNaAJDcSbJU3Lw==

"@rollup/rollup-linux-ppc64-gnu@4.55.1":
  version "4.55.1"
  resolved "https://registry.yarnpkg.com/@rollup/rollup-linux-ppc64-gnu/-/rollup-linux-ppc64-gnu-4.55.1.tgz#03a097e70243ddf1c07b59d3c20f38e6f6800539"
  integrity sha512-3KhoECe1BRlSYpMTeVrD4sh2Pw2xgt4jzNSZIIPLFEsnQn9gAnZagW9+VqDqAHgm1Xc77LzJOo2LdigS5qZ+gw==

"@rollup/rollup-linux-ppc64-musl@4.55.1":
  version "4.55.1"
  resolved "https://registry.yarnpkg.com/@rollup/rollup-linux-ppc64-musl/-/rollup-linux-ppc64-musl-4.55.1.tgz#a5389873039d4650f35b4fa060d286392eb21a94"
  integrity sha512-ziR1OuZx0vdYZZ30vueNZTg73alF59DicYrPViG0NEgDVN8/Jl87zkAPu4u6VjZST2llgEUjaiNl9JM6HH1Vdw==

"@rollup/rollup-linux-riscv64-gnu@4.55.1":
  version "4.55.1"
  resolved "https://registry.yarnpkg.com/@rollup/rollup-linux-riscv64-gnu/-/rollup-linux-riscv64-gnu-4.55.1.tgz#789e60e7d6e2b76132d001ffb24ba80007fb17d0"
  integrity sha512-uW0Y12ih2XJRERZ4jAfKamTyIHVMPQnTZcQjme2HMVDAHY4amf5u414OqNYC+x+LzRdRcnIG1YodLrrtA8xsxw==

"@rollup/rollup-linux-riscv64-musl@4.55.1":
  version "4.55.1"
  resolved "https://registry.yarnpkg.com/@rollup/rollup-linux-riscv64-musl/-/rollup-linux-riscv64-musl-4.55.1.tgz#3556fa88d139282e9a73c337c9a170f3c5fe7aa4"
  integrity sha512-u9yZ0jUkOED1BFrqu3BwMQoixvGHGZ+JhJNkNKY/hyoEgOwlqKb62qu+7UjbPSHYjiVy8kKJHvXKv5coH4wDeg==

"@rollup/rollup-linux-s390x-gnu@4.55.1":
  version "4.55.1"
  resolved "https://registry.yarnpkg.com/@rollup/rollup-linux-s390x-gnu/-/rollup-linux-s390x-gnu-4.55.1.tgz#c085995b10143c16747a67f1a5487512b2ff04b2"
  integrity sha512-/0PenBCmqM4ZUd0190j7J0UsQ/1nsi735iPRakO8iPciE7BQ495Y6msPzaOmvx0/pn+eJVVlZrNrSh4WSYLxNg==

"@rollup/rollup-linux-x64-gnu@4.55.1":
  version "4.55.1"
  resolved "https://registry.yarnpkg.com/@rollup/rollup-linux-x64-gnu/-/rollup-linux-x64-gnu-4.55.1.tgz#9563a5419dd2604841bad31a39ccfdd2891690fb"
  integrity sha512-a8G4wiQxQG2BAvo+gU6XrReRRqj+pLS2NGXKm8io19goR+K8lw269eTrPkSdDTALwMmJp4th2Uh0D8J9bEV1vg==

"@rollup/rollup-linux-x64-musl@4.55.1":
  version "4.55.1"
  resolved "https://registry.yarnpkg.com/@rollup/rollup-linux-x64-musl/-/rollup-linux-x64-musl-4.55.1.tgz#691bb06e6269a8959c13476b0cd2aa7458facb31"
  integrity sha512-bD+zjpFrMpP/hqkfEcnjXWHMw5BIghGisOKPj+2NaNDuVT+8Ds4mPf3XcPHuat1tz89WRL+1wbcxKY3WSbiT7w==

"@rollup/rollup-openbsd-x64@4.55.1":
  version "4.55.1"
  resolved "https://registry.yarnpkg.com/@rollup/rollup-openbsd-x64/-/rollup-openbsd-x64-4.55.1.tgz#223e71224746a59ce6d955bbc403577bb5a8be9d"
  integrity sha512-eLXw0dOiqE4QmvikfQ6yjgkg/xDM+MdU9YJuP4ySTibXU0oAvnEWXt7UDJmD4UkYialMfOGFPJnIHSe/kdzPxg==

"@rollup/rollup-openharmony-arm64@4.55.1":
  version "4.55.1"
  resolved "https://registry.yarnpkg.com/@rollup/rollup-openharmony-arm64/-/rollup-openharmony-arm64-4.55.1.tgz#0817e5d8ecbfeb8b7939bf58f8ce3c9dd67fce77"
  integrity sha512-xzm44KgEP11te3S2HCSyYf5zIzWmx3n8HDCc7EE59+lTcswEWNpvMLfd9uJvVX8LCg9QWG67Xt75AuHn4vgsXw==

"@rollup/rollup-win32-arm64-msvc@4.55.1":
  version "4.55.1"
  resolved "https://registry.yarnpkg.com/@rollup/rollup-win32-arm64-msvc/-/rollup-win32-arm64-msvc-4.55.1.tgz#de56d8f2013c84570ef5fb917aae034abda93e4a"
  integrity sha512-yR6Bl3tMC/gBok5cz/Qi0xYnVbIxGx5Fcf/ca0eB6/6JwOY+SRUcJfI0OpeTpPls7f194as62thCt/2BjxYN8g==

"@rollup/rollup-win32-ia32-msvc@4.55.1":
  version "4.55.1"
  resolved "https://registry.yarnpkg.com/@rollup/rollup-win32-ia32-msvc/-/rollup-win32-ia32-msvc-4.55.1.tgz#659aff5244312475aeea2c9479a6c7d397b517bf"
  integrity sha512-3fZBidchE0eY0oFZBnekYCfg+5wAB0mbpCBuofh5mZuzIU/4jIVkbESmd2dOsFNS78b53CYv3OAtwqkZZmU5nA==

"@rollup/rollup-win32-x64-gnu@4.55.1":
  version "4.55.1"
  resolved "https://registry.yarnpkg.com/@rollup/rollup-win32-x64-gnu/-/rollup-win32-x64-gnu-4.55.1.tgz#2cb09549cbb66c1b979f9238db6dd454cac14a88"
  integrity sha512-xGGY5pXj69IxKb4yv/POoocPy/qmEGhimy/FoTpTSVju3FYXUQQMFCaZZXJVidsmGxRioZAwpThl/4zX41gRKg==

"@rollup/rollup-win32-x64-msvc@4.55.1":
  version "4.55.1"
  resolved "https://registry.yarnpkg.com/@rollup/rollup-win32-x64-msvc/-/rollup-win32-x64-msvc-4.55.1.tgz#f79437939020b83057faf07e98365b1fa51c458b"
  integrity sha512-SPEpaL6DX4rmcXtnhdrQYgzQ5W2uW3SCJch88lB2zImhJRhIIK44fkUrgIV/Q8yUNfw5oyZ5vkeQsZLhCb06lw==

"@types/estree@1.0.8":
  version "1.0.8"
  resolved "https://registry.yarnpkg.com/@types/estree/-/estree-1.0.8.tgz#958b91c991b1867ced318bedea0e215ee050726e"
  integrity sha512-dWHzHa2WqEXI/O1E9OjrocMTKJl2mSrEolh1Iomrv6U+JuNwaHXsXx9bLu5gG7BUWFIN0skIQJQ/L1rIex4X6w==

"@unocss/astro@66.6.0":
  version "66.6.0"
  resolved "https://registry.yarnpkg.com/@unocss/astro/-/astro-66.6.0.tgz#ede6b364116e71b08af0ceb28dd8ee5cb8ae5d1b"
  integrity sha512-HCDgZnoXv6pZGUK9N4ko7ZeBP1YTIP8IFj0Vr7pXVdv9sGR9CofoueFbclTvPQ065UHSsG+WI+JO5z9/BGd5fw==
  dependencies:
    "@unocss/core" "66.6.0"
    "@unocss/reset" "66.6.0"
    "@unocss/vite" "66.6.0"

"@unocss/cli@66.6.0":
  version "66.6.0"
  resolved "https://registry.yarnpkg.com/@unocss/cli/-/cli-66.6.0.tgz#231c6a2e4812c1da1d3fee1c619cab5752546373"
  integrity sha512-wtA6YBIvW2f8FISdYS8rx+B3ZGTUjw3YO3Fxz1ApUCHinYSdz8SoNWShH1I61LWbcjJ4hbjI/D9t/Dmgp6vmiQ==
  dependencies:
    "@jridgewell/remapping" "^2.3.5"
    "@unocss/config" "66.6.0"
    "@unocss/core" "66.6.0"
    "@unocss/preset-wind3" "66.6.0"
    "@unocss/preset-wind4" "66.6.0"
    "@unocss/transformer-directives" "66.6.0"
    cac "^6.7.14"
    chokidar "^5.0.0"
    colorette "^2.0.20"
    consola "^3.4.2"
    magic-string "^0.30.21"
    pathe "^2.0.3"
    perfect-debounce "^2.0.0"
    tinyglobby "^0.2.15"
    unplugin-utils "^0.3.1"

"@unocss/config@66.6.0":
  version "66.6.0"
  resolved "https://registry.yarnpkg.com/@unocss/config/-/config-66.6.0.tgz#b60c3bc598b2b59b339c1b8f37b8fa86cbd62397"
  integrity sha512-YvNk/b9jGmT1TQGDbHR+0VALnTsPLzSTzw90t09ggny9YxeF0XnsP06M5+H0EJPwpmdigBC++KEIMaK8SYDsaQ==
  dependencies:
    "@unocss/core" "66.6.0"
    unconfig "^7.4.2"

"@unocss/core@66.6.0", "@unocss/core@^66.6.0":
  version "66.6.0"
  resolved "https://registry.yarnpkg.com/@unocss/core/-/core-66.6.0.tgz#fd44ef48f25188758543ff4671b191dbedbfbe36"
  integrity sha512-Sxm7HmhsPIIzxbPnWembPyobuCeA5j9KxL+jIOW2c+kZiTFjHeju7vuVWX9jmAMMC+UyDuuCQ4yE+kBo3Y7SWQ==

"@unocss/extractor-arbitrary-variants@66.6.0":
  version "66.6.0"
  resolved "https://registry.yarnpkg.com/@unocss/extractor-arbitrary-variants/-/extractor-arbitrary-variants-66.6.0.tgz#a601a04893b36fa8d2e12e55d2636dcf4b77e169"
  integrity sha512-AsCmpbre4hQb+cKOf3gHUeYlF7guR/aCKZvw53VBk12qY5wNF7LdfIx4zWc5LFVCoRxIZlU2C7L4/Tt7AkiFMA==
  dependencies:
    "@unocss/core" "66.6.0"

"@unocss/inspector@66.6.0":
  version "66.6.0"
  resolved "https://registry.yarnpkg.com/@unocss/inspector/-/inspector-66.6.0.tgz#6d223ff157d851714dcc5ba0e87d38207a50cdc3"
  integrity sha512-BvdY8ah+OTmzFMb+z8RZkaF15+PWRFt9S2bOARkkRBubybX9EE1rxM07l74kO5Dj16++CS4nO15XFq39pPoBvg==
  dependencies:
    "@unocss/core" "66.6.0"
    "@unocss/rule-utils" "66.6.0"
    colorette "^2.0.20"
    gzip-size "^6.0.0"
    sirv "^3.0.2"
    vue-flow-layout "^0.2.0"

"@unocss/postcss@66.6.0":
  version "66.6.0"
  resolved "https://registry.yarnpkg.com/@unocss/postcss/-/postcss-66.6.0.tgz#8d0cf6d709171c6c002da14c2c30215120d2890c"
  integrity sha512-Tn8l8JMXJcTgzrPHSukpRBnVIt561bQCUle7jW8NXk61vYBy8p52nEBkNy5QMXybaCih5ghg2d/+nDIAl9YIpw==
  dependencies:
    "@unocss/config" "66.6.0"
    "@unocss/core" "66.6.0"
    "@unocss/rule-utils" "66.6.0"
    css-tree "^3.1.0"
    postcss "^8.5.6"
    tinyglobby "^0.2.15"

"@unocss/preset-attributify@66.6.0":
  version "66.6.0"
  resolved "https://registry.yarnpkg.com/@unocss/preset-attributify/-/preset-attributify-66.6.0.tgz#2cfc1c66856d195ac114903dcf7c16c6b72dc6db"
  integrity sha512-IfGZT9LjQkfpJaVjDtFMxOlrEoj7m1DCztRdby0FaptXChE7vdgRkYFl8HDeXMkEIlzV1YTHuIarwJ+tV+1SRQ==
  dependencies:
    "@unocss/core" "66.6.0"

"@unocss/preset-icons@66.6.0":
  version "66.6.0"
  resolved "https://registry.yarnpkg.com/@unocss/preset-icons/-/preset-icons-66.6.0.tgz#485e34b708071c62f27d469e310611b4e8991e2a"
  integrity sha512-ObgmN9SsqU7TiClNvy+mQDyqzwOhlBXT0whXFp3iiBfSbnxUIDyf4Pr/2hwxnAWrCWCQj7xw2H0Y0sDtXq8XkA==
  dependencies:
    "@iconify/utils" "^3.1.0"
    "@unocss/core" "66.6.0"
    ofetch "^1.5.1"

"@unocss/preset-mini@66.6.0":
  version "66.6.0"
  resolved "https://registry.yarnpkg.com/@unocss/preset-mini/-/preset-mini-66.6.0.tgz#2ac03729f71a00ea415ad16b9c14fa47f5bca3fc"
  integrity sha512-8bQyTuMJcry/z4JTDsQokI0187/1CJIkVx9hr9eEbKf/gWti538P8ktKEmHCf8IyT0At5dfP9oLHLCUzVetdbA==
  dependencies:
    "@unocss/core" "66.6.0"
    "@unocss/extractor-arbitrary-variants" "66.6.0"
    "@unocss/rule-utils" "66.6.0"

"@unocss/preset-tagify@66.6.0":
  version "66.6.0"
  resolved "https://registry.yarnpkg.com/@unocss/preset-tagify/-/preset-tagify-66.6.0.tgz#efa776887e5efa07d3616a223774d04298849f47"
  integrity sha512-Vy9olM61lqTDxcHbfDkIJNp9LF2m8K9I/F2J0diD+BVZgpym1QRK6+aZaeAPJuMCyQrOk87dm7VIiAPFtLOXFA==
  dependencies:
    "@unocss/core" "66.6.0"

"@unocss/preset-typography@66.6.0":
  version "66.6.0"
  resolved "https://registry.yarnpkg.com/@unocss/preset-typography/-/preset-typography-66.6.0.tgz#7679b9fdb2ca54d530c10db1411e13516b95b8da"
  integrity sha512-vDogO+jaatGSAoZqqa9+GJ18WbrwYzJr5UyIFUQqXJ5TUDaWzKb4Qhty2WnOtjQaf4sOMML8JFA/cydZl+Rjjw==
  dependencies:
    "@unocss/core" "66.6.0"
    "@unocss/rule-utils" "66.6.0"

"@unocss/preset-uno@66.6.0":
  version "66.6.0"
  resolved "https://registry.yarnpkg.com/@unocss/preset-uno/-/preset-uno-66.6.0.tgz#0c3eb74d801a1108970dbe92fbb2dfb5347b0290"
  integrity sha512-xDppgdgFk+JNrL9jhqhrn6H9IS8P10p1HSsWOYF+9owg43zqpeNpzDMvZGwq8uxq6guyB1fu6l4YzO+bDZnwvw==
  dependencies:
    "@unocss/core" "66.6.0"
    "@unocss/preset-wind3" "66.6.0"

"@unocss/preset-web-fonts@66.6.0":
  version "66.6.0"
  resolved "https://registry.yarnpkg.com/@unocss/preset-web-fonts/-/preset-web-fonts-66.6.0.tgz#5429d928ba5f185e9744f43f4ecb0c70d4873604"
  integrity sha512-Mqb8bVSAfDEnkGyAl8ZPdvaojq3YSow4lvxGCOm7nHJFIXkRKgYBgD3tmm+rvO81CUtihZd7hdw0Ay+8pYrlTw==
  dependencies:
    "@unocss/core" "66.6.0"
    ofetch "^1.5.1"

"@unocss/preset-wind3@66.6.0":
  version "66.6.0"
  resolved "https://registry.yarnpkg.com/@unocss/preset-wind3/-/preset-wind3-66.6.0.tgz#b6eda4e8a7767d4fdb7381027d5cacbe8081b8f2"
  integrity sha512-7gzswF810BCSru7pF01BsMzGZbfrsWT5GV6JJLkhROS2pPjeNOpqy2VEfiavv5z09iGSIESeOFMlXr5ORuLZrg==
  dependencies:
    "@unocss/core" "66.6.0"
    "@unocss/preset-mini" "66.6.0"
    "@unocss/rule-utils" "66.6.0"

"@unocss/preset-wind4@66.6.0":
  version "66.6.0"
  resolved "https://registry.yarnpkg.com/@unocss/preset-wind4/-/preset-wind4-66.6.0.tgz#392ee3a9a1fb36a227015656a15bd3d59cfa9842"
  integrity sha512-1yyo9fmB+r5C92kSHU7lIaqGJdvz5UQyYZxYDxSmWLAUzWEK5HBRj6OkSF6rUnz+Yd4JvgOgACZNOShVOezPlA==
  dependencies:
    "@unocss/core" "66.6.0"
    "@unocss/extractor-arbitrary-variants" "66.6.0"
    "@unocss/rule-utils" "66.6.0"

"@unocss/preset-wind@66.6.0":
  version "66.6.0"
  resolved "https://registry.yarnpkg.com/@unocss/preset-wind/-/preset-wind-66.6.0.tgz#7da085a83fc835a2f2f7403741e8a19899ddad62"
  integrity sha512-6uVq3/gV1MD9ZsycrYLP6OvAS9kI1oGAIuccKKspZHW3jqwEhJmPofDD4pYwbkx4i4zSWzoLakcfp9d67Szjqg==
  dependencies:
    "@unocss/core" "66.6.0"
    "@unocss/preset-wind3" "66.6.0"

"@unocss/reset@66.6.0", "@unocss/reset@^66.6.0":
  version "66.6.0"
  resolved "https://registry.yarnpkg.com/@unocss/reset/-/reset-66.6.0.tgz#265646a0e25014176ff580f38b02d6f1c25fbd61"
  integrity sha512-OQK5F7Dzx0wWDSPTYEz7NRP9pekufSAkjxfKOyKokiXOUzVTg8Yx8sOvCsA3Oi0Rx5WlsO2LN+MOBekpkrttXg==

"@unocss/rule-utils@66.6.0":
  version "66.6.0"
  resolved "https://registry.yarnpkg.com/@unocss/rule-utils/-/rule-utils-66.6.0.tgz#9750d5105749f51b409614add030b83daa7c2081"
  integrity sha512-v16l6p5VrefDx8P/gzWnp0p6/hCA0vZ4UMUN6SxHGVE6V+IBpX6I6Du3Egk9TdkhZ7o+Pe1NHxksHcjT0V/tww==
  dependencies:
    "@unocss/core" "^66.6.0"
    magic-string "^0.30.21"

"@unocss/transformer-attributify-jsx@66.6.0":
  version "66.6.0"
  resolved "https://registry.yarnpkg.com/@unocss/transformer-attributify-jsx/-/transformer-attributify-jsx-66.6.0.tgz#b016823e7fede785f3768ec4f5e436c157b753a5"
  integrity sha512-fzjLVlhYO8JdHzIusRKAva5ZOnA4deOVYuiM6HVpbX7P19479TVHZgeSV+AG0BWLhmIJ2cer+n3/CIO5nodT6g==
  dependencies:
    "@babel/parser" "7.27.7"
    "@babel/traverse" "7.27.7"
    "@unocss/core" "66.6.0"

"@unocss/transformer-compile-class@66.6.0":
  version "66.6.0"
  resolved "https://registry.yarnpkg.com/@unocss/transformer-compile-class/-/transformer-compile-class-66.6.0.tgz#7ee6d46be79e5091b15057a6de4c46b5f03d6fd1"
  integrity sha512-OkwdbIfsbs8dtHIfBaoya/SPHZUJeogvJl2BpJb4/3nY/tWBZB/+i2vPMAML3D9aQYZAuC7uqcTRGNbuvyyy+w==
  dependencies:
    "@unocss/core" "66.6.0"

"@unocss/transformer-directives@66.6.0":
  version "66.6.0"
  resolved "https://registry.yarnpkg.com/@unocss/transformer-directives/-/transformer-directives-66.6.0.tgz#d0a6dfb331b18900c189d268b21fabd0a9ad694a"
  integrity sha512-2Z4FFjJI/bH6kKGuuuO0DpFEVSFOhFnGLTFK8y9BGz0cIOQOIuEKTemM7QLqPuyRSORBO1RKvcKvA3DV0n1X7g==
  dependencies:
    "@unocss/core" "66.6.0"
    "@unocss/rule-utils" "66.6.0"
    css-tree "^3.1.0"

"@unocss/transformer-variant-group@66.6.0":
  version "66.6.0"
  resolved "https://registry.yarnpkg.com/@unocss/transformer-variant-group/-/transformer-variant-group-66.6.0.tgz#2f68e44fd99f7ba3b714c6580e20c7769ad4bdb2"
  integrity sha512-kWYYcrn8ZFKLVCU6kB8yaQY9iYgx3/XhPb9c0XZZ5QzWjoGffrl6XLUk8XrjR/yxC3qwHg/WizzsmsQ2OXF6Qg==
  dependencies:
    "@unocss/core" "66.6.0"

"@unocss/vite@66.6.0":
  version "66.6.0"
  resolved "https://registry.yarnpkg.com/@unocss/vite/-/vite-66.6.0.tgz#c85ef9857be6182fd7ec194581cf0c04fe1d358a"
  integrity sha512-SC0/rX0xSjdu8Jaj98XztHOuvXHWDVk0YaHKRAQks2Oj3yyqAOrhzhDUH0zzFaQWf5bsKVYK40H+h4rMk9vm5Q==
  dependencies:
    "@jridgewell/remapping" "^2.3.5"
    "@unocss/config" "66.6.0"
    "@unocss/core" "66.6.0"
    "@unocss/inspector" "66.6.0"
    chokidar "^5.0.0"
    magic-string "^0.30.21"
    pathe "^2.0.3"
    tinyglobby "^0.2.15"
    unplugin-utils "^0.3.1"

acorn@^8.15.0:
  version "8.15.0"
  resolved "https://registry.yarnpkg.com/acorn/-/acorn-8.15.0.tgz#a360898bc415edaac46c8241f6383975b930b816"
  integrity sha512-NZyJarBfL7nWwIq+FDL6Zp/yHEhePMNnnJ0y3qfieCrmNvYct8uvtiV41UvlSe6apAfk0fY1FbWx+NwfmpvtTg==

cac@^6.7.14:
  version "6.7.14"
  resolved "https://registry.yarnpkg.com/cac/-/cac-6.7.14.tgz#804e1e6f506ee363cb0e3ccbb09cad5dd9870959"
  integrity sha512-b6Ilus+c3RrdDk+JhLKUAQfzzgLEPy6wcXqS7f/xe1EETvsDP6GORG7SFuOs6cID5YkqchW/LXZbX5bc8j7ZcQ==

chokidar@^5.0.0:
  version "5.0.0"
  resolved "https://registry.yarnpkg.com/chokidar/-/chokidar-5.0.0.tgz#949c126a9238a80792be9a0265934f098af369a5"
  integrity sha512-TQMmc3w+5AxjpL8iIiwebF73dRDF4fBIieAqGn9RGCWaEVwQ6Fb2cGe31Yns0RRIzii5goJ1Y7xbMwo1TxMplw==
  dependencies:
    readdirp "^5.0.0"

colorette@^2.0.20:
  version "2.0.20"
  resolved "https://registry.yarnpkg.com/colorette/-/colorette-2.0.20.tgz#9eb793e6833067f7235902fcd3b09917a000a95a"
  integrity sha512-IfEDxwoWIjkeXL1eXcDiow4UbKjhLdq6/EuSVR9GMN7KVH3r9gQ83e73hsz1Nd1T3ijd5xv1wcWRYO+D6kCI2w==

confbox@^0.1.8:
  version "0.1.8"
  resolved "https://registry.yarnpkg.com/confbox/-/confbox-0.1.8.tgz#820d73d3b3c82d9bd910652c5d4d599ef8ff8b06"
  integrity sha512-RMtmw0iFkeR4YV+fUOSucriAQNb9g8zFR52MWCtl+cCZOFRNL6zeB395vPzFhEjjn4fMxXudmELnl/KF/WrK6w==

consola@^3.4.2:
  version "3.4.2"
  resolved "https://registry.yarnpkg.com/consola/-/consola-3.4.2.tgz#5af110145397bb67afdab77013fdc34cae590ea7"
  integrity sha512-5IKcdX0nnYavi6G7TtOhwkYzyjfJlatbjMjuLSfE2kYT5pMDOilZ4OvMhi637CcDICTmz3wARPoyhqyX1Y+XvA==

css-tree@^3.1.0:
  version "3.1.0"
  resolved "https://registry.yarnpkg.com/css-tree/-/css-tree-3.1.0.tgz#7aabc035f4e66b5c86f54570d55e05b1346eb0fd"
  integrity sha512-0eW44TGN5SQXU1mWSkKwFstI/22X2bG1nYzZTYMAWjylYURhse752YgbE4Cx46AC+bAvI+/dYTPRk1LqSUnu6w==
  dependencies:
    mdn-data "2.12.2"
    source-map-js "^1.0.1"

debug@^4.3.1:
  version "4.4.3"
  resolved "https://registry.yarnpkg.com/debug/-/debug-4.4.3.tgz#c6ae432d9bd9662582fce08709b038c58e9e3d6a"
  integrity sha512-RGwwWnwQvkVfavKVt22FGLw+xYSdzARwm0ru6DhTVA3umU5hZc28V3kO4stgYryrTlLpuvgI9GiijltAjNbcqA==
  dependencies:
    ms "^2.1.3"

defu@^6.1.4:
  version "6.1.4"
  resolved "https://registry.yarnpkg.com/defu/-/defu-6.1.4.tgz#4e0c9cf9ff68fe5f3d7f2765cc1a012dfdcb0479"
  integrity sha512-mEQCMmwJu317oSz8CwdIOdwf3xMif1ttiM8LTufzc3g6kR+9Pe236twL8j3IYT1F7GfRgGcW6MWxzZjLIkuHIg==

destr@^2.0.5:
  version "2.0.5"
  resolved "https://registry.yarnpkg.com/destr/-/destr-2.0.5.tgz#7d112ff1b925fb8d2079fac5bdb4a90973b51fdb"
  integrity sha512-ugFTXCtDZunbzasqBxrK93Ik/DRYsO6S/fedkWEMKqt04xZ4csmnmwGDBAb07QWNaGMAmnTIemsYZCksjATwsA==

duplexer@^0.1.2:
  version "0.1.2"
  resolved "https://registry.yarnpkg.com/duplexer/-/duplexer-0.1.2.tgz#3abe43aef3835f8ae077d136ddce0f276b0400e6"
  integrity sha512-jtD6YG370ZCIi/9GTaJKQxWTZD045+4R4hTk/x1UyoqadyJ9x9CgSi1RlVDQF8U2sxLLSnFkCaMihqljHIWgMg==

esbuild@^0.27.0:
  version "0.27.2"
  resolved "https://registry.yarnpkg.com/esbuild/-/esbuild-0.27.2.tgz#d83ed2154d5813a5367376bb2292a9296fc83717"
  integrity sha512-HyNQImnsOC7X9PMNaCIeAm4ISCQXs5a5YasTXVliKv4uuBo1dKrG0A+uQS8M5eXjVMnLg3WgXaKvprHlFJQffw==
  optionalDependencies:
    "@esbuild/aix-ppc64" "0.27.2"
    "@esbuild/android-arm" "0.27.2"
    "@esbuild/android-arm64" "0.27.2"
    "@esbuild/android-x64" "0.27.2"
    "@esbuild/darwin-arm64" "0.27.2"
    "@esbuild/darwin-x64" "0.27.2"
    "@esbuild/freebsd-arm64" "0.27.2"
    "@esbuild/freebsd-x64" "0.27.2"
    "@esbuild/linux-arm" "0.27.2"
    "@esbuild/linux-arm64" "0.27.2"
    "@esbuild/linux-ia32" "0.27.2"
    "@esbuild/linux-loong64" "0.27.2"
    "@esbuild/linux-mips64el" "0.27.2"
    "@esbuild/linux-ppc64" "0.27.2"
    "@esbuild/linux-riscv64" "0.27.2"
    "@esbuild/linux-s390x" "0.27.2"
    "@esbuild/linux-x64" "0.27.2"
    "@esbuild/netbsd-arm64" "0.27.2"
    "@esbuild/netbsd-x64" "0.27.2"
    "@esbuild/openbsd-arm64" "0.27.2"
    "@esbuild/openbsd-x64" "0.27.2"
    "@esbuild/openharmony-arm64" "0.27.2"
    "@esbuild/sunos-x64" "0.27.2"
    "@esbuild/win32-arm64" "0.27.2"
    "@esbuild/win32-ia32" "0.27.2"
    "@esbuild/win32-x64" "0.27.2"

fdir@^6.5.0:
  version "6.5.0"
  resolved "https://registry.yarnpkg.com/fdir/-/fdir-6.5.0.tgz#ed2ab967a331ade62f18d077dae192684d50d350"
  integrity sha512-tIbYtZbucOs0BRGqPJkshJUYdL+SDH7dVM8gjy+ERp3WAUjLEFJE+02kanyHtwjWOnwrKYBiwAmM0p4kLJAnXg==

fsevents@~2.3.2, fsevents@~2.3.3:
  version "2.3.3"
  resolved "https://registry.yarnpkg.com/fsevents/-/fsevents-2.3.3.tgz#cac6407785d03675a2a5e1a5305c697b347d90d6"
  integrity sha512-5xoDfX+fL7faATnagmWPpbFtwh/R77WmMMqqHGS65C3vvB0YHrgF+B1YmZ3441tMj5n63k0212XNoJwzlhffQw==

globals@^11.1.0:
  version "11.12.0"
  resolved "https://registry.yarnpkg.com/globals/-/globals-11.12.0.tgz#ab8795338868a0babd8525758018c2a7eb95c42e"
  integrity sha512-WOBp/EEGUiIsJSp7wcv/y6MO+lV9UoncWqxuFfm8eBwzWNgyfBd6Gz+IeKQ9jCmyhoH99g15M3T+QaVHFjizVA==

gzip-size@^6.0.0:
  version "6.0.0"
  resolved "https://registry.yarnpkg.com/gzip-size/-/gzip-size-6.0.0.tgz#065367fd50c239c0671cbcbad5be3e2eeb10e462"
  integrity sha512-ax7ZYomf6jqPTQ4+XCpUGyXKHk5WweS+e05MBO4/y3WJ5RkmPXNKvX+bx1behVILVwr6JSQvZAku021CHPXG3Q==
  dependencies:
    duplexer "^0.1.2"

jiti@^2.6.1:
  version "2.6.1"
  resolved "https://registry.yarnpkg.com/jiti/-/jiti-2.6.1.tgz#178ef2fc9a1a594248c20627cd820187a4d78d92"
  integrity sha512-ekilCSN1jwRvIbgeg/57YFh8qQDNbwDb9xT/qu2DAHbFFZUicIl4ygVaAvzveMhMVr3LnpSKTNnwt8PoOfmKhQ==

js-tokens@^4.0.0:
  version "4.0.0"
  resolved "https://registry.yarnpkg.com/js-tokens/-/js-tokens-4.0.0.tgz#19203fb59991df98e3a287050d4647cdeaf32499"
  integrity sha512-RdJUflcE3cUzKiMqQgsCu06FPu9UdIJO0beYbPhHN4k6apgJtifcoCtT9bcxOpYBtpD2kCM6Sbzg4CausW/PKQ==

jsesc@^3.0.2:
  version "3.1.0"
  resolved "https://registry.yarnpkg.com/jsesc/-/jsesc-3.1.0.tgz#74d335a234f67ed19907fdadfac7ccf9d409825d"
  integrity sha512-/sM3dO2FOzXjKQhJuo0Q173wf2KOo8t4I8vHy6lF9poUp7bKT0/NHE8fPX23PwfhnykfqnC2xRxOnVw5XuGIaA==

magic-string@^0.30.21:
  version "0.30.21"
  resolved "https://registry.yarnpkg.com/magic-string/-/magic-string-0.30.21.tgz#56763ec09a0fa8091df27879fd94d19078c00d91"
  integrity sha512-vd2F4YUyEXKGcLHoq+TEyCjxueSeHnFxyyjNp80yg0XV4vUhnDer/lvvlqM/arB5bXQN5K2/3oinyCRyx8T2CQ==
  dependencies:
    "@jridgewell/sourcemap-codec" "^1.5.5"

mdn-data@2.12.2:
  version "2.12.2"
  resolved "https://registry.yarnpkg.com/mdn-data/-/mdn-data-2.12.2.tgz#9ae6c41a9e65adf61318b32bff7b64fbfb13f8cf"
  integrity sha512-IEn+pegP1aManZuckezWCO+XZQDplx1366JoVhTpMpBB1sPey/SbveZQUosKiKiGYjg1wH4pMlNgXbCiYgihQA==

mlly@^1.7.4, mlly@^1.8.0:
  version "1.8.0"
  resolved "https://registry.yarnpkg.com/mlly/-/mlly-1.8.0.tgz#e074612b938af8eba1eaf43299cbc89cb72d824e"
  integrity sha512-l8D9ODSRWLe2KHJSifWGwBqpTZXIXTeo8mlKjY+E2HAakaTeNpqAyBZ8GSqLzHgw4XmHmC8whvpjJNMbFZN7/g==
  dependencies:
    acorn "^8.15.0"
    pathe "^2.0.3"
    pkg-types "^1.3.1"
    ufo "^1.6.1"

mrmime@^2.0.0:
  version "2.0.1"
  resolved "https://registry.yarnpkg.com/mrmime/-/mrmime-2.0.1.tgz#bc3e87f7987853a54c9850eeb1f1078cd44adddc"
  integrity sha512-Y3wQdFg2Va6etvQ5I82yUhGdsKrcYox6p7FfL1LbK2J4V01F9TGlepTIhnK24t7koZibmg82KGglhA1XK5IsLQ==

ms@^2.1.3:
  version "2.1.3"
  resolved "https://registry.yarnpkg.com/ms/-/ms-2.1.3.tgz#574c8138ce1d2b5861f0b44579dbadd60c6615b2"
  integrity sha512-6FlzubTLZG3J2a/NVCAleEhjzq5oxgHyaCU9yYXvcLsvoVaHJq/s5xXI6/XXP6tz7R9xAOtHnSO/tXtF3WRTlA==

nanoid@^3.3.11:
  version "3.3.11"
  resolved "https://registry.yarnpkg.com/nanoid/-/nanoid-3.3.11.tgz#4f4f112cefbe303202f2199838128936266d185b"
  integrity sha512-N8SpfPUnUp1bK+PMYW8qSWdl9U+wwNWI4QKxOYDy9JAro3WMX7p2OeVRF9v+347pnakNevPmiHhNmZ2HbFA76w==

node-fetch-native@^1.6.7:
  version "1.6.7"
  resolved "https://registry.yarnpkg.com/node-fetch-native/-/node-fetch-native-1.6.7.tgz#9d09ca63066cc48423211ed4caf5d70075d76a71"
  integrity sha512-g9yhqoedzIUm0nTnTqAQvueMPVOuIY16bqgAJJC8XOOubYFNwz6IER9qs0Gq2Xd0+CecCKFjtdDTMA4u4xG06Q==

ofetch@^1.5.1:
  version "1.5.1"
  resolved "https://registry.yarnpkg.com/ofetch/-/ofetch-1.5.1.tgz#5c43cc56e03398b273014957060344254505c5c7"
  integrity sha512-2W4oUZlVaqAPAil6FUg/difl6YhqhUR7x2eZY4bQCko22UXg3hptq9KLQdqFClV+Wu85UX7hNtdGTngi/1BxcA==
  dependencies:
    destr "^2.0.5"
    node-fetch-native "^1.6.7"
    ufo "^1.6.1"

package-manager-detector@^1.3.0:
  version "1.6.0"
  resolved "https://registry.yarnpkg.com/package-manager-detector/-/package-manager-detector-1.6.0.tgz#70d0cf0aa02c877eeaf66c4d984ede0be9130734"
  integrity sha512-61A5ThoTiDG/C8s8UMZwSorAGwMJ0ERVGj2OjoW5pAalsNOg15+iQiPzrLJ4jhZ1HJzmC2PIHT2oEiH3R5fzNA==

pathe@^2.0.1, pathe@^2.0.3:
  version "2.0.3"
  resolved "https://registry.yarnpkg.com/pathe/-/pathe-2.0.3.tgz#3ecbec55421685b70a9da872b2cff3e1cbed1716"
  integrity sha512-WUjGcAqP1gQacoQe+OBJsFA7Ld4DyXuUIjZ5cc75cLHvJ7dtNsTugphxIADwspS+AraAUePCKrSVtPLFj/F88w==

perfect-debounce@^2.0.0:
  version "2.0.0"
  resolved "https://registry.yarnpkg.com/perfect-debounce/-/perfect-debounce-2.0.0.tgz#0ff94f1ecbe0a6bca4b1703a2ed08bbe43739aa7"
  integrity sha512-fkEH/OBiKrqqI/yIgjR92lMfs2K8105zt/VT6+7eTjNwisrsh47CeIED9z58zI7DfKdH3uHAn25ziRZn3kgAow==

picocolors@^1.1.1:
  version "1.1.1"
  resolved "https://registry.yarnpkg.com/picocolors/-/picocolors-1.1.1.tgz#3d321af3eab939b083c8f929a1d12cda81c26b6b"
  integrity sha512-xceH2snhtb5M9liqDsmEw56le376mTZkEX/jEb/RxNFyegNul7eNslCXP9FDj/Lcu0X8KEyMceP2ntpaHrDEVA==

picomatch@^4.0.3:
  version "4.0.3"
  resolved "https://registry.yarnpkg.com/picomatch/-/picomatch-4.0.3.tgz#796c76136d1eead715db1e7bad785dedd695a042"
  integrity sha512-5gTmgEY/sqK6gFXLIsQNH19lWb4ebPDLA4SdLP7dsWkIXHWlG66oPuVvXSGFPppYZz8ZDZq0dYYrbHfBCVUb1Q==

pkg-types@^1.3.1:
  version "1.3.1"
  resolved "https://registry.yarnpkg.com/pkg-types/-/pkg-types-1.3.1.tgz#bd7cc70881192777eef5326c19deb46e890917df"
  integrity sha512-/Jm5M4RvtBFVkKWRu2BLUTNP8/M2a+UwuAX+ae4770q1qVGtfjG+WTCupoZixokjmHiry8uI+dlY8KXYV5HVVQ==
  dependencies:
    confbox "^0.1.8"
    mlly "^1.7.4"
    pathe "^2.0.1"

postcss@^8.5.6:
  version "8.5.6"
  resolved "https://registry.yarnpkg.com/postcss/-/postcss-8.5.6.tgz#2825006615a619b4f62a9e7426cc120b349a8f3c"
  integrity sha512-3Ybi1tAuwAP9s0r1UQ2J4n5Y0G05bJkpUIO0/bI9MhwmD70S5aTWbXGBwxHrelT+XM1k6dM0pk+SwNkpTRN7Pg==
  dependencies:
    nanoid "^3.3.11"
    picocolors "^1.1.1"
    source-map-js "^1.2.1"

quansync@^1.0.0:
  version "1.0.0"
  resolved "https://registry.yarnpkg.com/quansync/-/quansync-1.0.0.tgz#1c29acccd544cd68d97a7350c5099e0a9bc7e5ee"
  integrity sha512-5xZacEEufv3HSTPQuchrvV6soaiACMFnq1H8wkVioctoH3TRha9Sz66lOxRwPK/qZj7HPiSveih9yAyh98gvqA==

readdirp@^5.0.0:
  version "5.0.0"
  resolved "https://registry.yarnpkg.com/readdirp/-/readdirp-5.0.0.tgz#fbf1f71a727891d685bb1786f9ba74084f6e2f91"
  integrity sha512-9u/XQ1pvrQtYyMpZe7DXKv2p5CNvyVwzUB6uhLAnQwHMSgKMBR62lc7AHljaeteeHXn11XTAaLLUVZYVZyuRBQ==

rollup@^4.43.0:
  version "4.55.1"
  resolved "https://registry.yarnpkg.com/rollup/-/rollup-4.55.1.tgz#4ec182828be440648e7ee6520dc35e9f20e05144"
  integrity sha512-wDv/Ht1BNHB4upNbK74s9usvl7hObDnvVzknxqY/E/O3X6rW1U1rV1aENEfJ54eFZDTNo7zv1f5N4edCluH7+A==
  dependencies:
    "@types/estree" "1.0.8"
  optionalDependencies:
    "@rollup/rollup-android-arm-eabi" "4.55.1"
    "@rollup/rollup-android-arm64" "4.55.1"
    "@rollup/rollup-darwin-arm64" "4.55.1"
    "@rollup/rollup-darwin-x64" "4.55.1"
    "@rollup/rollup-freebsd-arm64" "4.55.1"
    "@rollup/rollup-freebsd-x64" "4.55.1"
    "@rollup/rollup-linux-arm-gnueabihf" "4.55.1"
    "@rollup/rollup-linux-arm-musleabihf" "4.55.1"
    "@rollup/rollup-linux-arm64-gnu" "4.55.1"
    "@rollup/rollup-linux-arm64-musl" "4.55.1"
    "@rollup/rollup-linux-loong64-gnu" "4.55.1"
    "@rollup/rollup-linux-loong64-musl" "4.55.1"
    "@rollup/rollup-linux-ppc64-gnu" "4.55.1"
    "@rollup/rollup-linux-ppc64-musl" "4.55.1"
    "@rollup/rollup-linux-riscv64-gnu" "4.55.1"
    "@rollup/rollup-linux-riscv64-musl" "4.55.1"
    "@rollup/rollup-linux-s390x-gnu" "4.55.1"
    "@rollup/rollup-linux-x64-gnu" "4.55.1"
    "@rollup/rollup-linux-x64-musl" "4.55.1"
    "@rollup/rollup-openbsd-x64" "4.55.1"
    "@rollup/rollup-openharmony-arm64" "4.55.1"
    "@rollup/rollup-win32-arm64-msvc" "4.55.1"
    "@rollup/rollup-win32-ia32-msvc" "4.55.1"
    "@rollup/rollup-win32-x64-gnu" "4.55.1"
    "@rollup/rollup-win32-x64-msvc" "4.55.1"
    fsevents "~2.3.2"

sirv@^3.0.2:
  version "3.0.2"
  resolved "https://registry.yarnpkg.com/sirv/-/sirv-3.0.2.tgz#f775fccf10e22a40832684848d636346f41cd970"
  integrity sha512-2wcC/oGxHis/BoHkkPwldgiPSYcpZK3JU28WoMVv55yHJgcZ8rlXvuG9iZggz+sU1d4bRgIGASwyWqjxu3FM0g==
  dependencies:
    "@polka/url" "^1.0.0-next.24"
    mrmime "^2.0.0"
    totalist "^3.0.0"

source-map-js@^1.0.1, source-map-js@^1.2.1:
  version "1.2.1"
  resolved "https://registry.yarnpkg.com/source-map-js/-/source-map-js-1.2.1.tgz#1ce5650fddd87abc099eda37dcff024c2667ae46"
  integrity sha512-UXWMKhLOwVKb728IUtQPXxfYU+usdybtUrK/8uGE8CQMvrhOpwvzDBwj0QhSL7MQc7vIsISBG8VQ8+IDQxpfQA==

tinyexec@^1.0.1:
  version "1.0.2"
  resolved "https://registry.yarnpkg.com/tinyexec/-/tinyexec-1.0.2.tgz#bdd2737fe2ba40bd6f918ae26642f264b99ca251"
  integrity sha512-W/KYk+NFhkmsYpuHq5JykngiOCnxeVL8v8dFnqxSD8qEEdRfXk1SDM6JzNqcERbcGYj9tMrDQBYV9cjgnunFIg==

tinyglobby@^0.2.15:
  version "0.2.15"
  resolved "https://registry.yarnpkg.com/tinyglobby/-/tinyglobby-0.2.15.tgz#e228dd1e638cea993d2fdb4fcd2d4602a79951c2"
  integrity sha512-j2Zq4NyQYG5XMST4cbs02Ak8iJUdxRM0XI5QyxXuZOzKOINmWurp3smXu3y5wDcJrptwpSjgXHzIQxR0omXljQ==
  dependencies:
    fdir "^6.5.0"
    picomatch "^4.0.3"

totalist@^3.0.0:
  version "3.0.1"
  resolved "https://registry.yarnpkg.com/totalist/-/totalist-3.0.1.tgz#ba3a3d600c915b1a97872348f79c127475f6acf8"
  integrity sha512-sf4i37nQ2LBx4m3wB74y+ubopq6W/dIzXg0FDGjsYnZHVa1Da8FH853wlL2gtUhg+xJXjfk3kUZS3BRoQeoQBQ==

ufo@^1.6.1:
  version "1.6.3"
  resolved "https://registry.yarnpkg.com/ufo/-/ufo-1.6.3.tgz#799666e4e88c122a9659805e30b9dc071c3aed4f"
  integrity sha512-yDJTmhydvl5lJzBmy/hyOAA0d+aqCBuwl818haVdYCRrWV84o7YyeVm4QlVHStqNrrJSTb6jKuFAVqAFsr+K3Q==

unconfig-core@7.4.2:
  version "7.4.2"
  resolved "https://registry.yarnpkg.com/unconfig-core/-/unconfig-core-7.4.2.tgz#20b676d6b57a04bade4b96da65c783d25e8b286c"
  integrity sha512-VgPCvLWugINbXvMQDf8Jh0mlbvNjNC6eSUziHsBCMpxR05OPrNrvDnyatdMjRgcHaaNsCqz+wjNXxNw1kRLHUg==
  dependencies:
    "@quansync/fs" "^1.0.0"
    quansync "^1.0.0"

unconfig@^7.4.2:
  version "7.4.2"
  resolved "https://registry.yarnpkg.com/unconfig/-/unconfig-7.4.2.tgz#ac4c0e0e6c9586196b5f9ba440c5167c59a65643"
  integrity sha512-nrMlWRQ1xdTjSnSUqvYqJzbTBFugoqHobQj58B2bc8qxHKBBHMNNsWQFP3Cd3/JZK907voM2geYPWqD4VK3MPQ==
  dependencies:
    "@quansync/fs" "^1.0.0"
    defu "^6.1.4"
    jiti "^2.6.1"
    quansync "^1.0.0"
    unconfig-core "7.4.2"

unocss@^66.6.0:
  version "66.6.0"
  resolved "https://registry.yarnpkg.com/unocss/-/unocss-66.6.0.tgz#fd58028b48e1cd7c3c8ddfc109affbde72b1db22"
  integrity sha512-B5QsMJzFKeTHPzF5Ehr8tSMuhxzbCR9n+XP0GyhK9/2jTcBdI0/T+rCDDr9m6vUz+lku/coCVz7VAQ2BRAbZJw==
  dependencies:
    "@unocss/astro" "66.6.0"
    "@unocss/cli" "66.6.0"
    "@unocss/core" "66.6.0"
    "@unocss/postcss" "66.6.0"
    "@unocss/preset-attributify" "66.6.0"
    "@unocss/preset-icons" "66.6.0"
    "@unocss/preset-mini" "66.6.0"
    "@unocss/preset-tagify" "66.6.0"
    "@unocss/preset-typography" "66.6.0"
    "@unocss/preset-uno" "66.6.0"
    "@unocss/preset-web-fonts" "66.6.0"
    "@unocss/preset-wind" "66.6.0"
    "@unocss/preset-wind3" "66.6.0"
    "@unocss/preset-wind4" "66.6.0"
    "@unocss/transformer-attributify-jsx" "66.6.0"
    "@unocss/transformer-compile-class" "66.6.0"
    "@unocss/transformer-directives" "66.6.0"
    "@unocss/transformer-variant-group" "66.6.0"
    "@unocss/vite" "66.6.0"

unplugin-utils@^0.3.1:
  version "0.3.1"
  resolved "https://registry.yarnpkg.com/unplugin-utils/-/unplugin-utils-0.3.1.tgz#ef2873670a6a2a21bd2c9d31307257cc863a709c"
  integrity sha512-5lWVjgi6vuHhJ526bI4nlCOmkCIF3nnfXkCMDeMJrtdvxTs6ZFCM8oNufGTsDbKv/tJ/xj8RpvXjRuPBZJuJog==
  dependencies:
    pathe "^2.0.3"
    picomatch "^4.0.3"

vite@^7.3.1:
  version "7.3.1"
  resolved "https://registry.yarnpkg.com/vite/-/vite-7.3.1.tgz#7f6cfe8fb9074138605e822a75d9d30b814d6507"
  integrity sha512-w+N7Hifpc3gRjZ63vYBXA56dvvRlNWRczTdmCBBa+CotUzAPf5b7YMdMR/8CQoeYE5LX3W4wj6RYTgonm1b9DA==
  dependencies:
    esbuild "^0.27.0"
    fdir "^6.5.0"
    picomatch "^4.0.3"
    postcss "^8.5.6"
    rollup "^4.43.0"
    tinyglobby "^0.2.15"
  optionalDependencies:
    fsevents "~2.3.3"

vue-flow-layout@^0.2.0:
  version "0.2.0"
  resolved "https://registry.yarnpkg.com/vue-flow-layout/-/vue-flow-layout-0.2.0.tgz#3ea4e388a213f23d4653b45255b75b760701cd23"
  integrity sha512-zKgsWWkXq0xrus7H4Mc+uFs1ESrmdTXlO0YNbR6wMdPaFvosL3fMB8N7uTV308UhGy9UvTrGhIY7mVz9eN+L0Q==
